
Microsoft Visual Studio Solution File, Format Version 12.00
# Visual Studio Version 16
VisualStudioVersion = 16.0.31112.23
MinimumVisualStudioVersion = 10.0.40219.1
Project("{8BC9CEB8-8B4A-11D0-8D11-00A0C91BC942}") = "testcode_2021_4_13e", "testcode_2021_4_13e.vcxproj", "{7EE0F275-320A-4FEE-AF33-7672358A2394}"
EndProject
Global
	GlobalSection(SolutionConfigurationPlatforms) = preSolution
		Debug|x64 = Debug|x64
		Debug|x86 = Debug|x86
		Release|x64 = Release|x64
		Release|x86 = Release|x86
	EndGlobalSection
	GlobalSection(ProjectConfigurationPlatforms) = postSolution
		{7EE0F275-320A-4FEE-AF33-7672358A2394}.Debug|x64.ActiveCfg = Debug|x64
		{7EE0F275-320A-4FEE-AF33-7672358A2394}.Debug|x64.Build.0 = Debug|x64
		{7EE0F275-320A-4FEE-AF33-7672358A2394}.Debug|x86.ActiveCfg = Debug|Win32
		{7EE0F275-320A-4FEE-AF33-7672358A2394}.Debug|x86.Build.0 = Debug|Win32
		{7EE0F275-320A-4FEE-AF33-7672358A2394}.Release|x64.ActiveCfg = Release|x64
		{7EE0F275-320A-4FEE-AF33-7672358A2394}.Release|x64.Build.0 = Release|x64
		{7EE0F275-320A-4FEE-AF33-7672358A2394}.Release|x86.ActiveCfg = Release|Win32
		{7EE0F275-320A-4FEE-AF33-7672358A2394}.Release|x86.Build.0 = Release|Win32
	EndGlobalSection
	GlobalSection(SolutionProperties) = preSolution
		HideSolutionNode = FALSE
	EndGlobalSection
	GlobalSection(ExtensibilityGlobals) = postSolution
		SolutionGuid = {F66B9304-8C71-42E5-9A95-896BD9F4D3D6}
	EndGlobalSection
EndGlobal
