
Microsoft Visual Studio Solution File, Format Version 12.00
# Visual Studio Version 16
VisualStudioVersion = 16.0.31112.23
MinimumVisualStudioVersion = 10.0.40219.1
Project("{8BC9CEB8-8B4A-11D0-8D11-00A0C91BC942}") = "testcode_2021_4_13g", "testcode_2021_4_13g.vcxproj", "{62D28189-9588-4440-B831-04CB2A57D049}"
EndProject
Global
	GlobalSection(SolutionConfigurationPlatforms) = preSolution
		Debug|x64 = Debug|x64
		Debug|x86 = Debug|x86
		Release|x64 = Release|x64
		Release|x86 = Release|x86
	EndGlobalSection
	GlobalSection(ProjectConfigurationPlatforms) = postSolution
		{62D28189-9588-4440-B831-04CB2A57D049}.Debug|x64.ActiveCfg = Debug|x64
		{62D28189-9588-4440-B831-04CB2A57D049}.Debug|x64.Build.0 = Debug|x64
		{62D28189-9588-4440-B831-04CB2A57D049}.Debug|x86.ActiveCfg = Debug|Win32
		{62D28189-9588-4440-B831-04CB2A57D049}.Debug|x86.Build.0 = Debug|Win32
		{62D28189-9588-4440-B831-04CB2A57D049}.Release|x64.ActiveCfg = Release|x64
		{62D28189-9588-4440-B831-04CB2A57D049}.Release|x64.Build.0 = Release|x64
		{62D28189-9588-4440-B831-04CB2A57D049}.Release|x86.ActiveCfg = Release|Win32
		{62D28189-9588-4440-B831-04CB2A57D049}.Release|x86.Build.0 = Release|Win32
	EndGlobalSection
	GlobalSection(SolutionProperties) = preSolution
		HideSolutionNode = FALSE
	EndGlobalSection
	GlobalSection(ExtensibilityGlobals) = postSolution
		SolutionGuid = {23EF4C0E-573F-4B59-8C6D-161E4DFCD665}
	EndGlobalSection
EndGlobal
