
Microsoft Visual Studio Solution File, Format Version 12.00
# Visual Studio Version 16
VisualStudioVersion = 16.0.31112.23
MinimumVisualStudioVersion = 10.0.40219.1
Project("{8BC9CEB8-8B4A-11D0-8D11-00A0C91BC942}") = "testcode_2021_4_17a", "testcode_2021_4_17a.vcxproj", "{EE18364E-17FC-4953-9C89-16F168DA07AA}"
EndProject
Global
	GlobalSection(SolutionConfigurationPlatforms) = preSolution
		Debug|x64 = Debug|x64
		Debug|x86 = Debug|x86
		Release|x64 = Release|x64
		Release|x86 = Release|x86
	EndGlobalSection
	GlobalSection(ProjectConfigurationPlatforms) = postSolution
		{EE18364E-17FC-4953-9C89-16F168DA07AA}.Debug|x64.ActiveCfg = Debug|x64
		{EE18364E-17FC-4953-9C89-16F168DA07AA}.Debug|x64.Build.0 = Debug|x64
		{EE18364E-17FC-4953-9C89-16F168DA07AA}.Debug|x86.ActiveCfg = Debug|Win32
		{EE18364E-17FC-4953-9C89-16F168DA07AA}.Debug|x86.Build.0 = Debug|Win32
		{EE18364E-17FC-4953-9C89-16F168DA07AA}.Release|x64.ActiveCfg = Release|x64
		{EE18364E-17FC-4953-9C89-16F168DA07AA}.Release|x64.Build.0 = Release|x64
		{EE18364E-17FC-4953-9C89-16F168DA07AA}.Release|x86.ActiveCfg = Release|Win32
		{EE18364E-17FC-4953-9C89-16F168DA07AA}.Release|x86.Build.0 = Release|Win32
	EndGlobalSection
	GlobalSection(SolutionProperties) = preSolution
		HideSolutionNode = FALSE
	EndGlobalSection
	GlobalSection(ExtensibilityGlobals) = postSolution
		SolutionGuid = {0082816E-4C08-469E-95FB-26A705BE69E7}
	EndGlobalSection
EndGlobal
