
Microsoft Visual Studio Solution File, Format Version 12.00
# Visual Studio Version 16
VisualStudioVersion = 16.0.31205.134
MinimumVisualStudioVersion = 10.0.40219.1
Project("{8BC9CEB8-8B4A-11D0-8D11-00A0C91BC942}") = "testcode_2021_4_26d", "testcode_2021_4_26d.vcxproj", "{751091D6-3F2A-4924-AE39-E4A94D6DABB4}"
EndProject
Global
	GlobalSection(SolutionConfigurationPlatforms) = preSolution
		Debug|x64 = Debug|x64
		Debug|x86 = Debug|x86
		Release|x64 = Release|x64
		Release|x86 = Release|x86
	EndGlobalSection
	GlobalSection(ProjectConfigurationPlatforms) = postSolution
		{751091D6-3F2A-4924-AE39-E4A94D6DABB4}.Debug|x64.ActiveCfg = Debug|x64
		{751091D6-3F2A-4924-AE39-E4A94D6DABB4}.Debug|x64.Build.0 = Debug|x64
		{751091D6-3F2A-4924-AE39-E4A94D6DABB4}.Debug|x86.ActiveCfg = Debug|Win32
		{751091D6-3F2A-4924-AE39-E4A94D6DABB4}.Debug|x86.Build.0 = Debug|Win32
		{751091D6-3F2A-4924-AE39-E4A94D6DABB4}.Release|x64.ActiveCfg = Release|x64
		{751091D6-3F2A-4924-AE39-E4A94D6DABB4}.Release|x64.Build.0 = Release|x64
		{751091D6-3F2A-4924-AE39-E4A94D6DABB4}.Release|x86.ActiveCfg = Release|Win32
		{751091D6-3F2A-4924-AE39-E4A94D6DABB4}.Release|x86.Build.0 = Release|Win32
	EndGlobalSection
	GlobalSection(SolutionProperties) = preSolution
		HideSolutionNode = FALSE
	EndGlobalSection
	GlobalSection(ExtensibilityGlobals) = postSolution
		SolutionGuid = {676DDED4-C9D0-4B3B-BCAE-E3E4FB287F07}
	EndGlobalSection
EndGlobal
