
Microsoft Visual Studio Solution File, Format Version 12.00
# Visual Studio Version 16
VisualStudioVersion = 16.0.31112.23
MinimumVisualStudioVersion = 10.0.40219.1
Project("{8BC9CEB8-8B4A-11D0-8D11-00A0C91BC942}") = "testcode_2021_4_7a", "testcode_2021_4_7a.vcxproj", "{F3BAD80F-54EE-46E5-8420-93F2EE200007}"
EndProject
Global
	GlobalSection(SolutionConfigurationPlatforms) = preSolution
		Debug|x64 = Debug|x64
		Debug|x86 = Debug|x86
		Release|x64 = Release|x64
		Release|x86 = Release|x86
	EndGlobalSection
	GlobalSection(ProjectConfigurationPlatforms) = postSolution
		{F3BAD80F-54EE-46E5-8420-93F2EE200007}.Debug|x64.ActiveCfg = Debug|x64
		{F3BAD80F-54EE-46E5-8420-93F2EE200007}.Debug|x64.Build.0 = Debug|x64
		{F3BAD80F-54EE-46E5-8420-93F2EE200007}.Debug|x86.ActiveCfg = Debug|Win32
		{F3BAD80F-54EE-46E5-8420-93F2EE200007}.Debug|x86.Build.0 = Debug|Win32
		{F3BAD80F-54EE-46E5-8420-93F2EE200007}.Release|x64.ActiveCfg = Release|x64
		{F3BAD80F-54EE-46E5-8420-93F2EE200007}.Release|x64.Build.0 = Release|x64
		{F3BAD80F-54EE-46E5-8420-93F2EE200007}.Release|x86.ActiveCfg = Release|Win32
		{F3BAD80F-54EE-46E5-8420-93F2EE200007}.Release|x86.Build.0 = Release|Win32
	EndGlobalSection
	GlobalSection(SolutionProperties) = preSolution
		HideSolutionNode = FALSE
	EndGlobalSection
	GlobalSection(ExtensibilityGlobals) = postSolution
		SolutionGuid = {8766FB35-6C1B-4118-9510-F9A39AD51002}
	EndGlobalSection
EndGlobal
